
Microsoft Visual Studio Solution File, Format Version 12.00
# Visual Studio Version 16
VisualStudioVersion = 16.0.30204.135
MinimumVisualStudioVersion = 10.0.40219.1
Project("{FAE04EC0-301F-11D3-BF4B-00C04F79EFBC}") = "OOP4.2", "OOP4.2\OOP4.2.csproj", "{745DB067-5020-4747-993C-6614EAE6E7B8}"
EndProject
Global
	GlobalSection(SolutionConfigurationPlatforms) = preSolution
		Debug|Any CPU = Debug|Any CPU
		Release|Any CPU = Release|Any CPU
	EndGlobalSection
	GlobalSection(ProjectConfigurationPlatforms) = postSolution
		{745DB067-5020-4747-993C-6614EAE6E7B8}.Debug|Any CPU.ActiveCfg = Debug|Any CPU
		{745DB067-5020-4747-993C-6614EAE6E7B8}.Debug|Any CPU.Build.0 = Debug|Any CPU
		{745DB067-5020-4747-993C-6614EAE6E7B8}.Release|Any CPU.ActiveCfg = Release|Any CPU
		{745DB067-5020-4747-993C-6614EAE6E7B8}.Release|Any CPU.Build.0 = Release|Any CPU
	EndGlobalSection
	GlobalSection(SolutionProperties) = preSolution
		HideSolutionNode = FALSE
	EndGlobalSection
	GlobalSection(ExtensibilityGlobals) = postSolution
		SolutionGuid = {A200F75D-384F-47AD-8E1D-A76373DD60DC}
	EndGlobalSection
EndGlobal
