
Microsoft Visual Studio Solution File, Format Version 12.00
# Visual Studio Version 16
VisualStudioVersion = 16.0.30204.135
MinimumVisualStudioVersion = 10.0.40219.1
Project("{FAE04EC0-301F-11D3-BF4B-00C04F79EFBC}") = "OOP2", "OOP2\OOP2.csproj", "{8313FF1B-700C-4FBC-B839-B8519D5A7F00}"
EndProject
Global
	GlobalSection(SolutionConfigurationPlatforms) = preSolution
		Debug|Any CPU = Debug|Any CPU
		Release|Any CPU = Release|Any CPU
	EndGlobalSection
	GlobalSection(ProjectConfigurationPlatforms) = postSolution
		{8313FF1B-700C-4FBC-B839-B8519D5A7F00}.Debug|Any CPU.ActiveCfg = Debug|Any CPU
		{8313FF1B-700C-4FBC-B839-B8519D5A7F00}.Debug|Any CPU.Build.0 = Debug|Any CPU
		{8313FF1B-700C-4FBC-B839-B8519D5A7F00}.Release|Any CPU.ActiveCfg = Release|Any CPU
		{8313FF1B-700C-4FBC-B839-B8519D5A7F00}.Release|Any CPU.Build.0 = Release|Any CPU
	EndGlobalSection
	GlobalSection(SolutionProperties) = preSolution
		HideSolutionNode = FALSE
	EndGlobalSection
	GlobalSection(ExtensibilityGlobals) = postSolution
		SolutionGuid = {AA1A16E2-E181-49E7-81FF-D48FD4B1ACF5}
	EndGlobalSection
EndGlobal
