
Microsoft Visual Studio Solution File, Format Version 12.00
# Visual Studio Version 16
VisualStudioVersion = 16.0.30204.135
MinimumVisualStudioVersion = 10.0.40219.1
Project("{FAE04EC0-301F-11D3-BF4B-00C04F79EFBC}") = "WindowsFormsApp1", "WindowsFormsApp1\WindowsFormsApp1.csproj", "{5C143659-23A8-4A12-8327-561B0D4A2372}"
EndProject
Global
	GlobalSection(SolutionConfigurationPlatforms) = preSolution
		Debug|Any CPU = Debug|Any CPU
		Release|Any CPU = Release|Any CPU
	EndGlobalSection
	GlobalSection(ProjectConfigurationPlatforms) = postSolution
		{5C143659-23A8-4A12-8327-561B0D4A2372}.Debug|Any CPU.ActiveCfg = Debug|Any CPU
		{5C143659-23A8-4A12-8327-561B0D4A2372}.Debug|Any CPU.Build.0 = Debug|Any CPU
		{5C143659-23A8-4A12-8327-561B0D4A2372}.Release|Any CPU.ActiveCfg = Release|Any CPU
		{5C143659-23A8-4A12-8327-561B0D4A2372}.Release|Any CPU.Build.0 = Release|Any CPU
	EndGlobalSection
	GlobalSection(SolutionProperties) = preSolution
		HideSolutionNode = FALSE
	EndGlobalSection
	GlobalSection(ExtensibilityGlobals) = postSolution
		SolutionGuid = {B6CEF9B7-6F3B-4CDA-BF13-EF55375263A9}
	EndGlobalSection
EndGlobal
